{
	"requires": true,
	"lockfileVersion": 1,
	"dependencies": {
		"array-map": {
			"version": "0.0.0",
			"resolved": "https://registry.npmjs.org/array-map/-/array-map-0.0.0.tgz",
			"integrity": "sha1-iKK6tz0c97zVwbEYoAP2b2ZfpmI="
		},
		"array-reduce": {
			"version": "0.0.0",
			"resolved": "https://registry.npmjs.org/array-reduce/-/array-reduce-0.0.0.tgz",
			"integrity": "sha1-FziZ0//Rx9k4PkR5Ul2+J4yrXys="
		},
		"foreach": {
			"version": "2.0.4",
			"resolved": "https://registry.npmjs.org/foreach/-/foreach-2.0.4.tgz",
			"integrity": "sha1-zF0NiuHUbMmlVcJoL5EJd4WZNd8="
		},
		"indexof": {
			"version": "0.0.1",
			"resolved": "https://registry.npmjs.org/indexof/-/indexof-0.0.1.tgz",
			"integrity": "sha1-gtwzbSMrkGIXnQWrMpOmYFn9Q10="
		},
		"isarray": {
			"version": "0.0.1",
			"resolved": "https://registry.npmjs.org/isarray/-/isarray-0.0.1.tgz",
			"integrity": "sha1-ihis/Kmo9Bd+Cav8YDiTmwXR7t8="
		},
		"json3": {
			"version": "3.3.0",
			"resolved": "https://registry.npmjs.org/json3/-/json3-3.3.0.tgz",
			"integrity": "sha1-Dp5/bF0nC3WJKa9Nb+/chL1m4lk="
		},
		"object-keys": {
			"version": "0.5.0",
			"resolved": "https://registry.npmjs.org/object-keys/-/object-keys-0.5.0.tgz",
			"integrity": "sha1-CeIR8+ADGK/E9ZLjbnzcENmtcpM="
		},
		"proclaim": {
			"version": "3.5.1",
			"resolved": "https://registry.npmjs.org/proclaim/-/proclaim-3.5.1.tgz",
			"integrity": "sha512-ZTEKBHyg2RU2AE6XZdOtU5y7pjqvQSTj4yAqcyuplSL/+YQXhPIOEcx+OUd4WyxCcVZBVALmsgiLZ/mmSu4I4g==",
			"requires": {
				"util-inspect": "^0.1.8"
			}
		},
		"util-inspect": {
			"version": "0.1.8",
			"resolved": "https://registry.npmjs.org/util-inspect/-/util-inspect-0.1.8.tgz",
			"integrity": "sha1-KznbzS2SHy2EMJI8r/QPS1zqXbE=",
			"requires": {
				"array-map": "0.0.0",
				"array-reduce": "0.0.0",
				"foreach": "2.0.4",
				"indexof": "0.0.1",
				"isarray": "0.0.1",
				"json3": "3.3.0",
				"object-keys": "0.5.0"
			}
		}
	}
}
